// !$*UTF8*$!
{
	archiveVersion = 1;
	classes = {
	};
	objectVersion = 51;
	objects = {

/* Begin PBXBuildFile section */
		01B841B4B77C74D8125D975D /* CommentsRouter.swift in Sources */ = {isa = PBXBuildFile; fileRef = 86561822DBFB2A6AE4BBD781 /* CommentsRouter.swift */; };
		08D79833219856660A09ECB5 /* Comments.storyboard in Resources */ = {isa = PBXBuildFile; fileRef = 3CC05C59FE18254D0AC613A8 /* Comments.storyboard */; };
		1562AEF024179A2600CB2E3E /* Comment.swift in Sources */ = {isa = PBXBuildFile; fileRef = 1562AED924179A2600CB2E3E /* Comment.swift */; };
		1562AEF124179A2600CB2E3E /* Post.swift in Sources */ = {isa = PBXBuildFile; fileRef = 1562AEDA24179A2600CB2E3E /* Post.swift */; };
		1562AEF224179A2600CB2E3E /* PostsEndpoint.swift in Sources */ = {isa = PBXBuildFile; fileRef = 1562AEDE24179A2600CB2E3E /* PostsEndpoint.swift */; };
		1562AEF324179A2600CB2E3E /* MoyaProvider+Default.swift in Sources */ = {isa = PBXBuildFile; fileRef = 1562AEDF24179A2600CB2E3E /* MoyaProvider+Default.swift */; };
		1562AEF424179A2600CB2E3E /* DefaultTargetType.swift in Sources */ = {isa = PBXBuildFile; fileRef = 1562AEE024179A2600CB2E3E /* DefaultTargetType.swift */; };
		1562AEF524179A2600CB2E3E /* MoyaProvider+Promise.swift in Sources */ = {isa = PBXBuildFile; fileRef = 1562AEE124179A2600CB2E3E /* MoyaProvider+Promise.swift */; };
		1562AEF624179A2600CB2E3E /* PostsService.swift in Sources */ = {isa = PBXBuildFile; fileRef = 1562AEE324179A2600CB2E3E /* PostsService.swift */; };
		1562AEF724179A2600CB2E3E /* AppDelegate.swift in Sources */ = {isa = PBXBuildFile; fileRef = 1562AEE524179A2600CB2E3E /* AppDelegate.swift */; };
		1562AEFA24179A2600CB2E3E /* Assets.xcassets in Resources */ = {isa = PBXBuildFile; fileRef = 1562AEEC24179A2600CB2E3E /* Assets.xcassets */; };
		1562AEFB24179A2600CB2E3E /* LaunchScreen.storyboard in Resources */ = {isa = PBXBuildFile; fileRef = 1562AEED24179A2600CB2E3E /* LaunchScreen.storyboard */; };
		15B8BF4624179C92003ADBCE /* assembly.swift.liquid in Resources */ = {isa = PBXBuildFile; fileRef = 15B8BF3924179C92003ADBCE /* assembly.swift.liquid */; };
		15B8BF4724179C92003ADBCE /* storyboard.storyboard.liquid in Resources */ = {isa = PBXBuildFile; fileRef = 15B8BF3B24179C92003ADBCE /* storyboard.storyboard.liquid */; };
		15B8BF4824179C92003ADBCE /* presenter.swift.liquid in Resources */ = {isa = PBXBuildFile; fileRef = 15B8BF3D24179C92003ADBCE /* presenter.swift.liquid */; };
		15B8BF4924179C92003ADBCE /* module_io.swift.liquid in Resources */ = {isa = PBXBuildFile; fileRef = 15B8BF3E24179C92003ADBCE /* module_io.swift.liquid */; };
		15B8BF4A24179C92003ADBCE /* view_io.swift.liquid in Resources */ = {isa = PBXBuildFile; fileRef = 15B8BF4024179C92003ADBCE /* view_io.swift.liquid */; };
		15B8BF4B24179C92003ADBCE /* view_controller.swift.liquid in Resources */ = {isa = PBXBuildFile; fileRef = 15B8BF4124179C92003ADBCE /* view_controller.swift.liquid */; };
		15B8BF4C24179C92003ADBCE /* router.swift.liquid in Resources */ = {isa = PBXBuildFile; fileRef = 15B8BF4324179C92003ADBCE /* router.swift.liquid */; };
		15B8BF4D24179C92003ADBCE /* route.swift.liquid in Resources */ = {isa = PBXBuildFile; fileRef = 15B8BF4424179C92003ADBCE /* route.swift.liquid */; };
		15B8BF4E24179C92003ADBCE /* mariyanski_mvp.rambaspec in Resources */ = {isa = PBXBuildFile; fileRef = 15B8BF4524179C92003ADBCE /* mariyanski_mvp.rambaspec */; };
		15B8BF5B24179EFC003ADBCE /* Closable.swift in Sources */ = {isa = PBXBuildFile; fileRef = 15B8BF5024179EFC003ADBCE /* Closable.swift */; };
		15B8BF5C24179EFC003ADBCE /* Routable.swift in Sources */ = {isa = PBXBuildFile; fileRef = 15B8BF5124179EFC003ADBCE /* Routable.swift */; };
		15B8BF5D24179EFC003ADBCE /* Animator.swift in Sources */ = {isa = PBXBuildFile; fileRef = 15B8BF5224179EFC003ADBCE /* Animator.swift */; };
		15B8BF5E24179EFC003ADBCE /* Router.swift in Sources */ = {isa = PBXBuildFile; fileRef = 15B8BF5324179EFC003ADBCE /* Router.swift */; };
		15B8BF6024179EFC003ADBCE /* ModalTransition.swift in Sources */ = {isa = PBXBuildFile; fileRef = 15B8BF5624179EFC003ADBCE /* ModalTransition.swift */; };
		15B8BF6224179EFC003ADBCE /* Transition.swift in Sources */ = {isa = PBXBuildFile; fileRef = 15B8BF5824179EFC003ADBCE /* Transition.swift */; };
		15B8BF6424179EFC003ADBCE /* PushTransition.swift in Sources */ = {isa = PBXBuildFile; fileRef = 15B8BF5A24179EFC003ADBCE /* PushTransition.swift */; };
		15B8BF6624179FCA003ADBCE /* UIStoryboard+ViewController.swift in Sources */ = {isa = PBXBuildFile; fileRef = 15B8BF6524179FCA003ADBCE /* UIStoryboard+ViewController.swift */; };
		15B8BF682417A2B3003ADBCE /* SwinjectStoryboard+Ext.swift in Sources */ = {isa = PBXBuildFile; fileRef = 15B8BF672417A2B3003ADBCE /* SwinjectStoryboard+Ext.swift */; };
		15B8BF6A2417A2D5003ADBCE /* AppAssembly.swift in Sources */ = {isa = PBXBuildFile; fileRef = 15B8BF692417A2D5003ADBCE /* AppAssembly.swift */; };
		15DA10BF2417BEBE00B1A3EC /* CollectionCellModel.swift in Sources */ = {isa = PBXBuildFile; fileRef = 15DA10BA2417BEBE00B1A3EC /* CollectionCellModel.swift */; };
		15DA10C02417BEBE00B1A3EC /* TableCellModel.swift in Sources */ = {isa = PBXBuildFile; fileRef = 15DA10BB2417BEBE00B1A3EC /* TableCellModel.swift */; };
		15DA10C12417BEBE00B1A3EC /* TableViewDataSource.swift in Sources */ = {isa = PBXBuildFile; fileRef = 15DA10BC2417BEBE00B1A3EC /* TableViewDataSource.swift */; };
		15DA10C22417BEBE00B1A3EC /* ViewModel.swift in Sources */ = {isa = PBXBuildFile; fileRef = 15DA10BD2417BEBE00B1A3EC /* ViewModel.swift */; };
		15DA10C32417BEBE00B1A3EC /* CollectionViewDataSource.swift in Sources */ = {isa = PBXBuildFile; fileRef = 15DA10BE2417BEBE00B1A3EC /* CollectionViewDataSource.swift */; };
		15DA10C52417BF2600B1A3EC /* UITableView+Ext.swift in Sources */ = {isa = PBXBuildFile; fileRef = 15DA10C42417BF2600B1A3EC /* UITableView+Ext.swift */; };
		15DA10C72417BF3000B1A3EC /* UICollectionView+Ext.swift in Sources */ = {isa = PBXBuildFile; fileRef = 15DA10C62417BF3000B1A3EC /* UICollectionView+Ext.swift */; };
		15DA10C92417BF5D00B1A3EC /* Collection+Optional.swift in Sources */ = {isa = PBXBuildFile; fileRef = 15DA10C82417BF5D00B1A3EC /* Collection+Optional.swift */; };
		15DA10CB2417BF6A00B1A3EC /* FormattedDate.swift in Sources */ = {isa = PBXBuildFile; fileRef = 15DA10CA2417BF6A00B1A3EC /* FormattedDate.swift */; };
		15DA10D02417C63000B1A3EC /* PostCell.swift in Sources */ = {isa = PBXBuildFile; fileRef = 15DA10CE2417C63000B1A3EC /* PostCell.swift */; };
		15DA10D12417C63000B1A3EC /* PostCell.xib in Resources */ = {isa = PBXBuildFile; fileRef = 15DA10CF2417C63000B1A3EC /* PostCell.xib */; };
		15DA10D42417D46400B1A3EC /* CommentCell.swift in Sources */ = {isa = PBXBuildFile; fileRef = 15DA10D22417D46400B1A3EC /* CommentCell.swift */; };
		15DA10D52417D46400B1A3EC /* CommentCell.xib in Resources */ = {isa = PBXBuildFile; fileRef = 15DA10D32417D46400B1A3EC /* CommentCell.xib */; };
		15DA10D72417DA5700B1A3EC /* LoadableViewController.swift in Sources */ = {isa = PBXBuildFile; fileRef = 15DA10D62417DA5700B1A3EC /* LoadableViewController.swift */; };
		15DC6C582416EC1E007CF2B2 /* README.md in Resources */ = {isa = PBXBuildFile; fileRef = 15DC6C572416EC1E007CF2B2 /* README.md */; };
		3440175B2C24D2A0AC12E505 /* CommentsViewController.swift in Sources */ = {isa = PBXBuildFile; fileRef = 7CC11D8697FB2B6AB1688A3C /* CommentsViewController.swift */; };
		4705293CE9D55C77B7A1D28D /* Posts.storyboard in Resources */ = {isa = PBXBuildFile; fileRef = 51B8D3A6C2C2171012EF3E91 /* Posts.storyboard */; };
		7CDD7FD44F4F9C7E7B302D04 /* PostsRouter.swift in Sources */ = {isa = PBXBuildFile; fileRef = A296EDFFCC724404CA2BF1A0 /* PostsRouter.swift */; };
		82EE57433098B4E5620DA8D7 /* PostsAssembly.swift in Sources */ = {isa = PBXBuildFile; fileRef = 33C8C70B85FEAE3502C0ED45 /* PostsAssembly.swift */; };
		851BBEBB5FB16A5409C9BA22 /* PostsViewIO.swift in Sources */ = {isa = PBXBuildFile; fileRef = 72719AD5116AB5E4635BF6EE /* PostsViewIO.swift */; };
		864A2520DF9492001CE89C0C /* CommentsPresenter.swift in Sources */ = {isa = PBXBuildFile; fileRef = B57FC259E96B1284698222C2 /* CommentsPresenter.swift */; };
		87862413046551B39BFD5CC9 /* CommentsViewIO.swift in Sources */ = {isa = PBXBuildFile; fileRef = 73FA3F739E72C3131EF5011C /* CommentsViewIO.swift */; };
		9DCA5F3322A22A2E7C898E8F /* PostsViewController.swift in Sources */ = {isa = PBXBuildFile; fileRef = AF56F64C9CE8C0E7CD7E4D8B /* PostsViewController.swift */; };
		A82551BBAB40DDCE0573E5A0 /* Pods_mvp_ios_sample_project.framework in Frameworks */ = {isa = PBXBuildFile; fileRef = 888E732486BC448B0FFFC3A0 /* Pods_mvp_ios_sample_project.framework */; };
		CF045EF151BD61115E1C1E84 /* PostsPresenter.swift in Sources */ = {isa = PBXBuildFile; fileRef = 70DC007A2F25B2CF3172BC5D /* PostsPresenter.swift */; };
		F00BF49AB40B7E786A5D3292 /* PostsRoute.swift in Sources */ = {isa = PBXBuildFile; fileRef = 7E5F6C1B23965BF5F6C10F43 /* PostsRoute.swift */; };
		F2F0F66314C408218F375EDB /* CommentsAssembly.swift in Sources */ = {isa = PBXBuildFile; fileRef = 25CCC9583A64F1B5B8CB03B7 /* CommentsAssembly.swift */; };
		FFFCA7732BF4B889BAA0EFAF /* CommentsRoute.swift in Sources */ = {isa = PBXBuildFile; fileRef = 9577A59487BD4A14612E5019 /* CommentsRoute.swift */; };
/* End PBXBuildFile section */

/* Begin PBXFileReference section */
		1562AED924179A2600CB2E3E /* Comment.swift */ = {isa = PBXFileReference; fileEncoding = 4; lastKnownFileType = sourcecode.swift; path = Comment.swift; sourceTree = "<group>"; };
		1562AEDA24179A2600CB2E3E /* Post.swift */ = {isa = PBXFileReference; fileEncoding = 4; lastKnownFileType = sourcecode.swift; path = Post.swift; sourceTree = "<group>"; };
		1562AEDE24179A2600CB2E3E /* PostsEndpoint.swift */ = {isa = PBXFileReference; fileEncoding = 4; lastKnownFileType = sourcecode.swift; path = PostsEndpoint.swift; sourceTree = "<group>"; };
		1562AEDF24179A2600CB2E3E /* MoyaProvider+Default.swift */ = {isa = PBXFileReference; fileEncoding = 4; lastKnownFileType = sourcecode.swift; path = "MoyaProvider+Default.swift"; sourceTree = "<group>"; };
		1562AEE024179A2600CB2E3E /* DefaultTargetType.swift */ = {isa = PBXFileReference; fileEncoding = 4; lastKnownFileType = sourcecode.swift; path = DefaultTargetType.swift; sourceTree = "<group>"; };
		1562AEE124179A2600CB2E3E /* MoyaProvider+Promise.swift */ = {isa = PBXFileReference; fileEncoding = 4; lastKnownFileType = sourcecode.swift; path = "MoyaProvider+Promise.swift"; sourceTree = "<group>"; };
		1562AEE324179A2600CB2E3E /* PostsService.swift */ = {isa = PBXFileReference; fileEncoding = 4; lastKnownFileType = sourcecode.swift; path = PostsService.swift; sourceTree = "<group>"; };
		1562AEE524179A2600CB2E3E /* AppDelegate.swift */ = {isa = PBXFileReference; fileEncoding = 4; lastKnownFileType = sourcecode.swift; path = AppDelegate.swift; sourceTree = "<group>"; };
		1562AEEC24179A2600CB2E3E /* Assets.xcassets */ = {isa = PBXFileReference; lastKnownFileType = folder.assetcatalog; path = Assets.xcassets; sourceTree = "<group>"; };
		1562AEEE24179A2600CB2E3E /* Base */ = {isa = PBXFileReference; lastKnownFileType = file.storyboard; name = Base; path = Base.lproj/LaunchScreen.storyboard; sourceTree = "<group>"; };
		1562AEEF24179A2600CB2E3E /* Info.plist */ = {isa = PBXFileReference; fileEncoding = 4; lastKnownFileType = text.plist.xml; path = Info.plist; sourceTree = "<group>"; };
		15B8BF3924179C92003ADBCE /* assembly.swift.liquid */ = {isa = PBXFileReference; fileEncoding = 4; lastKnownFileType = text; path = assembly.swift.liquid; sourceTree = "<group>"; };
		15B8BF3B24179C92003ADBCE /* storyboard.storyboard.liquid */ = {isa = PBXFileReference; fileEncoding = 4; lastKnownFileType = text.xml; path = storyboard.storyboard.liquid; sourceTree = "<group>"; };
		15B8BF3D24179C92003ADBCE /* presenter.swift.liquid */ = {isa = PBXFileReference; fileEncoding = 4; lastKnownFileType = text; path = presenter.swift.liquid; sourceTree = "<group>"; };
		15B8BF3E24179C92003ADBCE /* module_io.swift.liquid */ = {isa = PBXFileReference; fileEncoding = 4; lastKnownFileType = text; path = module_io.swift.liquid; sourceTree = "<group>"; };
		15B8BF4024179C92003ADBCE /* view_io.swift.liquid */ = {isa = PBXFileReference; fileEncoding = 4; lastKnownFileType = text; path = view_io.swift.liquid; sourceTree = "<group>"; };
		15B8BF4124179C92003ADBCE /* view_controller.swift.liquid */ = {isa = PBXFileReference; fileEncoding = 4; lastKnownFileType = text; path = view_controller.swift.liquid; sourceTree = "<group>"; };
		15B8BF4324179C92003ADBCE /* router.swift.liquid */ = {isa = PBXFileReference; fileEncoding = 4; lastKnownFileType = text; path = router.swift.liquid; sourceTree = "<group>"; };
		15B8BF4424179C92003ADBCE /* route.swift.liquid */ = {isa = PBXFileReference; fileEncoding = 4; lastKnownFileType = text; path = route.swift.liquid; sourceTree = "<group>"; };
		15B8BF4524179C92003ADBCE /* mariyanski_mvp.rambaspec */ = {isa = PBXFileReference; fileEncoding = 4; lastKnownFileType = text; path = mariyanski_mvp.rambaspec; sourceTree = "<group>"; };
		15B8BF5024179EFC003ADBCE /* Closable.swift */ = {isa = PBXFileReference; fileEncoding = 4; lastKnownFileType = sourcecode.swift; path = Closable.swift; sourceTree = "<group>"; };
		15B8BF5124179EFC003ADBCE /* Routable.swift */ = {isa = PBXFileReference; fileEncoding = 4; lastKnownFileType = sourcecode.swift; path = Routable.swift; sourceTree = "<group>"; };
		15B8BF5224179EFC003ADBCE /* Animator.swift */ = {isa = PBXFileReference; fileEncoding = 4; lastKnownFileType = sourcecode.swift; path = Animator.swift; sourceTree = "<group>"; };
		15B8BF5324179EFC003ADBCE /* Router.swift */ = {isa = PBXFileReference; fileEncoding = 4; lastKnownFileType = sourcecode.swift; path = Router.swift; sourceTree = "<group>"; };
		15B8BF5624179EFC003ADBCE /* ModalTransition.swift */ = {isa = PBXFileReference; fileEncoding = 4; lastKnownFileType = sourcecode.swift; path = ModalTransition.swift; sourceTree = "<group>"; };
		15B8BF5824179EFC003ADBCE /* Transition.swift */ = {isa = PBXFileReference; fileEncoding = 4; lastKnownFileType = sourcecode.swift; path = Transition.swift; sourceTree = "<group>"; };
		15B8BF5A24179EFC003ADBCE /* PushTransition.swift */ = {isa = PBXFileReference; fileEncoding = 4; lastKnownFileType = sourcecode.swift; path = PushTransition.swift; sourceTree = "<group>"; };
		15B8BF6524179FCA003ADBCE /* UIStoryboard+ViewController.swift */ = {isa = PBXFileReference; fileEncoding = 4; lastKnownFileType = sourcecode.swift; path = "UIStoryboard+ViewController.swift"; sourceTree = "<group>"; };
		15B8BF672417A2B3003ADBCE /* SwinjectStoryboard+Ext.swift */ = {isa = PBXFileReference; fileEncoding = 4; lastKnownFileType = sourcecode.swift; path = "SwinjectStoryboard+Ext.swift"; sourceTree = "<group>"; };
		15B8BF692417A2D5003ADBCE /* AppAssembly.swift */ = {isa = PBXFileReference; fileEncoding = 4; lastKnownFileType = sourcecode.swift; path = AppAssembly.swift; sourceTree = "<group>"; };
		15DA10BA2417BEBE00B1A3EC /* CollectionCellModel.swift */ = {isa = PBXFileReference; fileEncoding = 4; lastKnownFileType = sourcecode.swift; path = CollectionCellModel.swift; sourceTree = "<group>"; };
		15DA10BB2417BEBE00B1A3EC /* TableCellModel.swift */ = {isa = PBXFileReference; fileEncoding = 4; lastKnownFileType = sourcecode.swift; path = TableCellModel.swift; sourceTree = "<group>"; };
		15DA10BC2417BEBE00B1A3EC /* TableViewDataSource.swift */ = {isa = PBXFileReference; fileEncoding = 4; lastKnownFileType = sourcecode.swift; path = TableViewDataSource.swift; sourceTree = "<group>"; };
		15DA10BD2417BEBE00B1A3EC /* ViewModel.swift */ = {isa = PBXFileReference; fileEncoding = 4; lastKnownFileType = sourcecode.swift; path = ViewModel.swift; sourceTree = "<group>"; };
		15DA10BE2417BEBE00B1A3EC /* CollectionViewDataSource.swift */ = {isa = PBXFileReference; fileEncoding = 4; lastKnownFileType = sourcecode.swift; path = CollectionViewDataSource.swift; sourceTree = "<group>"; };
		15DA10C42417BF2600B1A3EC /* UITableView+Ext.swift */ = {isa = PBXFileReference; fileEncoding = 4; lastKnownFileType = sourcecode.swift; path = "UITableView+Ext.swift"; sourceTree = "<group>"; };
		15DA10C62417BF3000B1A3EC /* UICollectionView+Ext.swift */ = {isa = PBXFileReference; fileEncoding = 4; lastKnownFileType = sourcecode.swift; path = "UICollectionView+Ext.swift"; sourceTree = "<group>"; };
		15DA10C82417BF5D00B1A3EC /* Collection+Optional.swift */ = {isa = PBXFileReference; fileEncoding = 4; lastKnownFileType = sourcecode.swift; path = "Collection+Optional.swift"; sourceTree = "<group>"; };
		15DA10CA2417BF6A00B1A3EC /* FormattedDate.swift */ = {isa = PBXFileReference; fileEncoding = 4; lastKnownFileType = sourcecode.swift; path = FormattedDate.swift; sourceTree = "<group>"; };
		15DA10CE2417C63000B1A3EC /* PostCell.swift */ = {isa = PBXFileReference; lastKnownFileType = sourcecode.swift; path = PostCell.swift; sourceTree = "<group>"; };
		15DA10CF2417C63000B1A3EC /* PostCell.xib */ = {isa = PBXFileReference; lastKnownFileType = file.xib; path = PostCell.xib; sourceTree = "<group>"; };
		15DA10D22417D46400B1A3EC /* CommentCell.swift */ = {isa = PBXFileReference; fileEncoding = 4; lastKnownFileType = sourcecode.swift; path = CommentCell.swift; sourceTree = "<group>"; };
		15DA10D32417D46400B1A3EC /* CommentCell.xib */ = {isa = PBXFileReference; fileEncoding = 4; lastKnownFileType = file.xib; path = CommentCell.xib; sourceTree = "<group>"; };
		15DA10D62417DA5700B1A3EC /* LoadableViewController.swift */ = {isa = PBXFileReference; lastKnownFileType = sourcecode.swift; path = LoadableViewController.swift; sourceTree = "<group>"; };
		15DC6C402416EB30007CF2B2 /* mvp-ios-sample-project.app */ = {isa = PBXFileReference; explicitFileType = wrapper.application; includeInIndex = 0; path = "mvp-ios-sample-project.app"; sourceTree = BUILT_PRODUCTS_DIR; };
		15DC6C572416EC1E007CF2B2 /* README.md */ = {isa = PBXFileReference; fileEncoding = 4; lastKnownFileType = net.daringfireball.markdown; path = README.md; sourceTree = "<group>"; };
		25CCC9583A64F1B5B8CB03B7 /* CommentsAssembly.swift */ = {isa = PBXFileReference; includeInIndex = 1; lastKnownFileType = sourcecode.swift; path = CommentsAssembly.swift; sourceTree = "<group>"; };
		33C8C70B85FEAE3502C0ED45 /* PostsAssembly.swift */ = {isa = PBXFileReference; includeInIndex = 1; lastKnownFileType = sourcecode.swift; path = PostsAssembly.swift; sourceTree = "<group>"; };
		3CC05C59FE18254D0AC613A8 /* Comments.storyboard */ = {isa = PBXFileReference; includeInIndex = 1; lastKnownFileType = file.storyboard; path = Comments.storyboard; sourceTree = "<group>"; };
		51B8D3A6C2C2171012EF3E91 /* Posts.storyboard */ = {isa = PBXFileReference; includeInIndex = 1; lastKnownFileType = file.storyboard; path = Posts.storyboard; sourceTree = "<group>"; };
		70DC007A2F25B2CF3172BC5D /* PostsPresenter.swift */ = {isa = PBXFileReference; includeInIndex = 1; lastKnownFileType = sourcecode.swift; path = PostsPresenter.swift; sourceTree = "<group>"; };
		72719AD5116AB5E4635BF6EE /* PostsViewIO.swift */ = {isa = PBXFileReference; includeInIndex = 1; lastKnownFileType = sourcecode.swift; path = PostsViewIO.swift; sourceTree = "<group>"; };
		73FA3F739E72C3131EF5011C /* CommentsViewIO.swift */ = {isa = PBXFileReference; includeInIndex = 1; lastKnownFileType = sourcecode.swift; path = CommentsViewIO.swift; sourceTree = "<group>"; };
		7CC11D8697FB2B6AB1688A3C /* CommentsViewController.swift */ = {isa = PBXFileReference; includeInIndex = 1; lastKnownFileType = sourcecode.swift; path = CommentsViewController.swift; sourceTree = "<group>"; };
		7E5F6C1B23965BF5F6C10F43 /* PostsRoute.swift */ = {isa = PBXFileReference; includeInIndex = 1; lastKnownFileType = sourcecode.swift; path = PostsRoute.swift; sourceTree = "<group>"; };
		86561822DBFB2A6AE4BBD781 /* CommentsRouter.swift */ = {isa = PBXFileReference; includeInIndex = 1; lastKnownFileType = sourcecode.swift; path = CommentsRouter.swift; sourceTree = "<group>"; };
		888E732486BC448B0FFFC3A0 /* Pods_mvp_ios_sample_project.framework */ = {isa = PBXFileReference; explicitFileType = wrapper.framework; includeInIndex = 0; path = Pods_mvp_ios_sample_project.framework; sourceTree = BUILT_PRODUCTS_DIR; };
		9577A59487BD4A14612E5019 /* CommentsRoute.swift */ = {isa = PBXFileReference; includeInIndex = 1; lastKnownFileType = sourcecode.swift; path = CommentsRoute.swift; sourceTree = "<group>"; };
		A296EDFFCC724404CA2BF1A0 /* PostsRouter.swift */ = {isa = PBXFileReference; includeInIndex = 1; lastKnownFileType = sourcecode.swift; path = PostsRouter.swift; sourceTree = "<group>"; };
		A5C594E9DE68C227B456DD95 /* Pods-mvp-ios-sample-project.debug.xcconfig */ = {isa = PBXFileReference; includeInIndex = 1; lastKnownFileType = text.xcconfig; name = "Pods-mvp-ios-sample-project.debug.xcconfig"; path = "Target Support Files/Pods-mvp-ios-sample-project/Pods-mvp-ios-sample-project.debug.xcconfig"; sourceTree = "<group>"; };
		AF56F64C9CE8C0E7CD7E4D8B /* PostsViewController.swift */ = {isa = PBXFileReference; includeInIndex = 1; lastKnownFileType = sourcecode.swift; path = PostsViewController.swift; sourceTree = "<group>"; };
		B57FC259E96B1284698222C2 /* CommentsPresenter.swift */ = {isa = PBXFileReference; includeInIndex = 1; lastKnownFileType = sourcecode.swift; path = CommentsPresenter.swift; sourceTree = "<group>"; };
		FAEF473A8A12118843E5E72C /* Pods-mvp-ios-sample-project.release.xcconfig */ = {isa = PBXFileReference; includeInIndex = 1; lastKnownFileType = text.xcconfig; name = "Pods-mvp-ios-sample-project.release.xcconfig"; path = "Target Support Files/Pods-mvp-ios-sample-project/Pods-mvp-ios-sample-project.release.xcconfig"; sourceTree = "<group>"; };
/* End PBXFileReference section */

/* Begin PBXFrameworksBuildPhase section */
		15DC6C3D2416EB30007CF2B2 /* Frameworks */ = {
			isa = PBXFrameworksBuildPhase;
			buildActionMask = 2147483647;
			files = (
				A82551BBAB40DDCE0573E5A0 /* Pods_mvp_ios_sample_project.framework in Frameworks */,
			);
			runOnlyForDeploymentPostprocessing = 0;
		};
/* End PBXFrameworksBuildPhase section */

/* Begin PBXGroup section */
		06E5EE34C8A87C5E92C83222 /* Assembly */ = {
			isa = PBXGroup;
			children = (
				33C8C70B85FEAE3502C0ED45 /* PostsAssembly.swift */,
			);
			path = Assembly;
			sourceTree = "<group>";
		};
		084DCBCC4CC6F67CD7657BDC /* Presenter */ = {
			isa = PBXGroup;
			children = (
				B57FC259E96B1284698222C2 /* CommentsPresenter.swift */,
			);
			path = Presenter;
			sourceTree = "<group>";
		};
		1503B9B12417B008006F87B2 /* DI */ = {
			isa = PBXGroup;
			children = (
				15B8BF672417A2B3003ADBCE /* SwinjectStoryboard+Ext.swift */,
			);
			path = DI;
			sourceTree = "<group>";
		};
		1562AED724179A2600CB2E3E /* Source */ = {
			isa = PBXGroup;
			children = (
				1562AEE424179A2600CB2E3E /* Application */,
				1562AEDB24179A2600CB2E3E /* Core additions */,
				1562AED824179A2600CB2E3E /* Models */,
				1562AEE624179A2600CB2E3E /* Modules */,
			);
			name = Source;
			path = "mvp-ios-sample-project/Source";
			sourceTree = SOURCE_ROOT;
		};
		1562AED824179A2600CB2E3E /* Models */ = {
			isa = PBXGroup;
			children = (
				1562AEDA24179A2600CB2E3E /* Post.swift */,
				1562AED924179A2600CB2E3E /* Comment.swift */,
			);
			path = Models;
			sourceTree = "<group>";
		};
		1562AEDB24179A2600CB2E3E /* Core additions */ = {
			isa = PBXGroup;
			children = (
				15DA10CC2417C00100B1A3EC /* Utils */,
				15DA10B92417BEB300B1A3EC /* UI */,
				1503B9B12417B008006F87B2 /* DI */,
				15B8BF4F24179EFC003ADBCE /* Routing */,
				1562AEDC24179A2600CB2E3E /* Networking */,
			);
			path = "Core additions";
			sourceTree = "<group>";
		};
		1562AEDC24179A2600CB2E3E /* Networking */ = {
			isa = PBXGroup;
			children = (
				1562AEDD24179A2600CB2E3E /* Endpoints */,
				1562AEDF24179A2600CB2E3E /* MoyaProvider+Default.swift */,
				1562AEE024179A2600CB2E3E /* DefaultTargetType.swift */,
				1562AEE124179A2600CB2E3E /* MoyaProvider+Promise.swift */,
				1562AEE224179A2600CB2E3E /* Services */,
			);
			path = Networking;
			sourceTree = "<group>";
		};
		1562AEDD24179A2600CB2E3E /* Endpoints */ = {
			isa = PBXGroup;
			children = (
				1562AEDE24179A2600CB2E3E /* PostsEndpoint.swift */,
			);
			path = Endpoints;
			sourceTree = "<group>";
		};
		1562AEE224179A2600CB2E3E /* Services */ = {
			isa = PBXGroup;
			children = (
				1562AEE324179A2600CB2E3E /* PostsService.swift */,
			);
			path = Services;
			sourceTree = "<group>";
		};
		1562AEE424179A2600CB2E3E /* Application */ = {
			isa = PBXGroup;
			children = (
				15B8BF692417A2D5003ADBCE /* AppAssembly.swift */,
				1562AEE524179A2600CB2E3E /* AppDelegate.swift */,
			);
			path = Application;
			sourceTree = "<group>";
		};
		1562AEE624179A2600CB2E3E /* Modules */ = {
			isa = PBXGroup;
			children = (
				A4B1B2779BE9D44D6BB1E665 /* Posts */,
				44D88D5627D12126BCBF8C45 /* Comments */,
			);
			path = Modules;
			sourceTree = "<group>";
		};
		1562AEEB24179A2600CB2E3E /* Resource */ = {
			isa = PBXGroup;
			children = (
				1562AEEC24179A2600CB2E3E /* Assets.xcassets */,
				1562AEED24179A2600CB2E3E /* LaunchScreen.storyboard */,
				1562AEEF24179A2600CB2E3E /* Info.plist */,
			);
			name = Resource;
			path = "mvp-ios-sample-project/Resource";
			sourceTree = SOURCE_ROOT;
		};
		15B8BF3524179C92003ADBCE /* Templates */ = {
			isa = PBXGroup;
			children = (
				15B8BF3624179C92003ADBCE /* mariyanski_mvp */,
			);
			path = Templates;
			sourceTree = "<group>";
		};
		15B8BF3624179C92003ADBCE /* mariyanski_mvp */ = {
			isa = PBXGroup;
			children = (
				15B8BF3724179C92003ADBCE /* Code */,
				15B8BF4524179C92003ADBCE /* mariyanski_mvp.rambaspec */,
			);
			path = mariyanski_mvp;
			sourceTree = "<group>";
		};
		15B8BF3724179C92003ADBCE /* Code */ = {
			isa = PBXGroup;
			children = (
				15B8BF3824179C92003ADBCE /* Assembly */,
				15B8BF3A24179C92003ADBCE /* Layout */,
				15B8BF3C24179C92003ADBCE /* Presenter */,
				15B8BF3F24179C92003ADBCE /* View */,
				15B8BF4224179C92003ADBCE /* Router */,
			);
			path = Code;
			sourceTree = "<group>";
		};
		15B8BF3824179C92003ADBCE /* Assembly */ = {
			isa = PBXGroup;
			children = (
				15B8BF3924179C92003ADBCE /* assembly.swift.liquid */,
			);
			path = Assembly;
			sourceTree = "<group>";
		};
		15B8BF3A24179C92003ADBCE /* Layout */ = {
			isa = PBXGroup;
			children = (
				15B8BF3B24179C92003ADBCE /* storyboard.storyboard.liquid */,
			);
			path = Layout;
			sourceTree = "<group>";
		};
		15B8BF3C24179C92003ADBCE /* Presenter */ = {
			isa = PBXGroup;
			children = (
				15B8BF3D24179C92003ADBCE /* presenter.swift.liquid */,
				15B8BF3E24179C92003ADBCE /* module_io.swift.liquid */,
			);
			path = Presenter;
			sourceTree = "<group>";
		};
		15B8BF3F24179C92003ADBCE /* View */ = {
			isa = PBXGroup;
			children = (
				15B8BF4024179C92003ADBCE /* view_io.swift.liquid */,
				15B8BF4124179C92003ADBCE /* view_controller.swift.liquid */,
			);
			path = View;
			sourceTree = "<group>";
		};
		15B8BF4224179C92003ADBCE /* Router */ = {
			isa = PBXGroup;
			children = (
				15B8BF4324179C92003ADBCE /* router.swift.liquid */,
				15B8BF4424179C92003ADBCE /* route.swift.liquid */,
			);
			path = Router;
			sourceTree = "<group>";
		};
		15B8BF4F24179EFC003ADBCE /* Routing */ = {
			isa = PBXGroup;
			children = (
				15B8BF5024179EFC003ADBCE /* Closable.swift */,
				15B8BF5124179EFC003ADBCE /* Routable.swift */,
				15B8BF5224179EFC003ADBCE /* Animator.swift */,
				15B8BF5324179EFC003ADBCE /* Router.swift */,
				15B8BF5424179EFC003ADBCE /* Transitions */,
			);
			path = Routing;
			sourceTree = "<group>";
		};
		15B8BF5424179EFC003ADBCE /* Transitions */ = {
			isa = PBXGroup;
			children = (
				15B8BF5624179EFC003ADBCE /* ModalTransition.swift */,
				15B8BF5824179EFC003ADBCE /* Transition.swift */,
				15B8BF5A24179EFC003ADBCE /* PushTransition.swift */,
			);
			path = Transitions;
			sourceTree = "<group>";
		};
		15DA10B92417BEB300B1A3EC /* UI */ = {
			isa = PBXGroup;
			children = (
				15DA10CD2417C0ED00B1A3EC /* Datasource */,
				15DA10C62417BF3000B1A3EC /* UICollectionView+Ext.swift */,
				15DA10BD2417BEBE00B1A3EC /* ViewModel.swift */,
				15DA10C42417BF2600B1A3EC /* UITableView+Ext.swift */,
				15DA10D62417DA5700B1A3EC /* LoadableViewController.swift */,
			);
			path = UI;
			sourceTree = "<group>";
		};
		15DA10CC2417C00100B1A3EC /* Utils */ = {
			isa = PBXGroup;
			children = (
				15B8BF6524179FCA003ADBCE /* UIStoryboard+ViewController.swift */,
				15DA10C82417BF5D00B1A3EC /* Collection+Optional.swift */,
				15DA10CA2417BF6A00B1A3EC /* FormattedDate.swift */,
			);
			path = Utils;
			sourceTree = "<group>";
		};
		15DA10CD2417C0ED00B1A3EC /* Datasource */ = {
			isa = PBXGroup;
			children = (
				15DA10BB2417BEBE00B1A3EC /* TableCellModel.swift */,
				15DA10BA2417BEBE00B1A3EC /* CollectionCellModel.swift */,
				15DA10BC2417BEBE00B1A3EC /* TableViewDataSource.swift */,
				15DA10BE2417BEBE00B1A3EC /* CollectionViewDataSource.swift */,
			);
			path = Datasource;
			sourceTree = "<group>";
		};
		15DC6C372416EB30007CF2B2 = {
			isa = PBXGroup;
			children = (
				15DC6C572416EC1E007CF2B2 /* README.md */,
				15DC6C422416EB30007CF2B2 /* mvp-ios-sample-project */,
				15B8BF3524179C92003ADBCE /* Templates */,
				15DC6C412416EB30007CF2B2 /* Products */,
				55935F5A9B58963DE3FCC40C /* Pods */,
				2814CDC9AE05478D9448B156 /* Frameworks */,
			);
			sourceTree = "<group>";
		};
		15DC6C412416EB30007CF2B2 /* Products */ = {
			isa = PBXGroup;
			children = (
				15DC6C402416EB30007CF2B2 /* mvp-ios-sample-project.app */,
			);
			name = Products;
			sourceTree = "<group>";
		};
		15DC6C422416EB30007CF2B2 /* mvp-ios-sample-project */ = {
			isa = PBXGroup;
			children = (
				1562AED724179A2600CB2E3E /* Source */,
				1562AEEB24179A2600CB2E3E /* Resource */,
			);
			path = "mvp-ios-sample-project";
			sourceTree = "<group>";
		};
		2814CDC9AE05478D9448B156 /* Frameworks */ = {
			isa = PBXGroup;
			children = (
				888E732486BC448B0FFFC3A0 /* Pods_mvp_ios_sample_project.framework */,
			);
			name = Frameworks;
			sourceTree = "<group>";
		};
		3288ED25E66077421EE67107 /* Layout */ = {
			isa = PBXGroup;
			children = (
				51B8D3A6C2C2171012EF3E91 /* Posts.storyboard */,
			);
			path = Layout;
			sourceTree = "<group>";
		};
		44D88D5627D12126BCBF8C45 /* Comments */ = {
			isa = PBXGroup;
			children = (
				92B0D0EDB9A2BF02565F9855 /* Assembly */,
				79320EE2B8BC6D6089C94828 /* Router */,
				084DCBCC4CC6F67CD7657BDC /* Presenter */,
				4A1FC60584DB2E1B2B6A7546 /* View */,
				ED2BA0BC4213045C14FEF814 /* Layout */,
			);
			path = Comments;
			sourceTree = "<group>";
		};
		4A1FC60584DB2E1B2B6A7546 /* View */ = {
			isa = PBXGroup;
			children = (
				7CC11D8697FB2B6AB1688A3C /* CommentsViewController.swift */,
				15DA10D22417D46400B1A3EC /* CommentCell.swift */,
				15DA10D32417D46400B1A3EC /* CommentCell.xib */,
				73FA3F739E72C3131EF5011C /* CommentsViewIO.swift */,
			);
			path = View;
			sourceTree = "<group>";
		};
		55935F5A9B58963DE3FCC40C /* Pods */ = {
			isa = PBXGroup;
			children = (
				A5C594E9DE68C227B456DD95 /* Pods-mvp-ios-sample-project.debug.xcconfig */,
				FAEF473A8A12118843E5E72C /* Pods-mvp-ios-sample-project.release.xcconfig */,
			);
			path = Pods;
			sourceTree = "<group>";
		};
		5DAFAFC19F8C9E8C0240A074 /* Router */ = {
			isa = PBXGroup;
			children = (
				A296EDFFCC724404CA2BF1A0 /* PostsRouter.swift */,
				7E5F6C1B23965BF5F6C10F43 /* PostsRoute.swift */,
			);
			path = Router;
			sourceTree = "<group>";
		};
		79320EE2B8BC6D6089C94828 /* Router */ = {
			isa = PBXGroup;
			children = (
				86561822DBFB2A6AE4BBD781 /* CommentsRouter.swift */,
				9577A59487BD4A14612E5019 /* CommentsRoute.swift */,
			);
			path = Router;
			sourceTree = "<group>";
		};
		92B0D0EDB9A2BF02565F9855 /* Assembly */ = {
			isa = PBXGroup;
			children = (
				25CCC9583A64F1B5B8CB03B7 /* CommentsAssembly.swift */,
			);
			path = Assembly;
			sourceTree = "<group>";
		};
		A4B1B2779BE9D44D6BB1E665 /* Posts */ = {
			isa = PBXGroup;
			children = (
				06E5EE34C8A87C5E92C83222 /* Assembly */,
				5DAFAFC19F8C9E8C0240A074 /* Router */,
				FB64ED1162BBC7F4C9DC5F44 /* Presenter */,
				FF69A006BB4EABB756F8E16A /* View */,
				3288ED25E66077421EE67107 /* Layout */,
			);
			path = Posts;
			sourceTree = "<group>";
		};
		ED2BA0BC4213045C14FEF814 /* Layout */ = {
			isa = PBXGroup;
			children = (
				3CC05C59FE18254D0AC613A8 /* Comments.storyboard */,
			);
			path = Layout;
			sourceTree = "<group>";
		};
		FB64ED1162BBC7F4C9DC5F44 /* Presenter */ = {
			isa = PBXGroup;
			children = (
				70DC007A2F25B2CF3172BC5D /* PostsPresenter.swift */,
			);
			path = Presenter;
			sourceTree = "<group>";
		};
		FF69A006BB4EABB756F8E16A /* View */ = {
			isa = PBXGroup;
			children = (
				AF56F64C9CE8C0E7CD7E4D8B /* PostsViewController.swift */,
				72719AD5116AB5E4635BF6EE /* PostsViewIO.swift */,
				15DA10CE2417C63000B1A3EC /* PostCell.swift */,
				15DA10CF2417C63000B1A3EC /* PostCell.xib */,
			);
			path = View;
			sourceTree = "<group>";
		};
/* End PBXGroup section */

/* Begin PBXNativeTarget section */
		15DC6C3F2416EB30007CF2B2 /* mvp-ios-sample-project */ = {
			isa = PBXNativeTarget;
			buildConfigurationList = 15DC6C542416EB33007CF2B2 /* Build configuration list for PBXNativeTarget "mvp-ios-sample-project" */;
			buildPhases = (
				EB0C90C02C25F7F639A53CB5 /* [CP] Check Pods Manifest.lock */,
				15DC6C3C2416EB30007CF2B2 /* Sources */,
				15DC6C3D2416EB30007CF2B2 /* Frameworks */,
				15DC6C3E2416EB30007CF2B2 /* Resources */,
				A7D2A07619B07D84525B6BFB /* [CP] Embed Pods Frameworks */,
			);
			buildRules = (
			);
			dependencies = (
			);
			name = "mvp-ios-sample-project";
			productName = "mvp-ios-template-project";
			productReference = 15DC6C402416EB30007CF2B2 /* mvp-ios-sample-project.app */;
			productType = "com.apple.product-type.application";
		};
/* End PBXNativeTarget section */

/* Begin PBXProject section */
		15DC6C382416EB30007CF2B2 /* Project object */ = {
			isa = PBXProject;
			attributes = {
				LastSwiftUpdateCheck = 1130;
				LastUpgradeCheck = 1130;
				ORGANIZATIONNAME = "Marian Fotev";
				TargetAttributes = {
					15DC6C3F2416EB30007CF2B2 = {
						CreatedOnToolsVersion = 11.3.1;
					};
				};
			};
			buildConfigurationList = 15DC6C3B2416EB30007CF2B2 /* Build configuration list for PBXProject "mvp-ios-sample-project" */;
			compatibilityVersion = "Xcode 9.3";
			developmentRegion = en;
			hasScannedForEncodings = 0;
			knownRegions = (
				en,
				Base,
			);
			mainGroup = 15DC6C372416EB30007CF2B2;
			productRefGroup = 15DC6C412416EB30007CF2B2 /* Products */;
			projectDirPath = "";
			projectRoot = "";
			targets = (
				15DC6C3F2416EB30007CF2B2 /* mvp-ios-sample-project */,
			);
		};
/* End PBXProject section */

/* Begin PBXResourcesBuildPhase section */
		15DC6C3E2416EB30007CF2B2 /* Resources */ = {
			isa = PBXResourcesBuildPhase;
			buildActionMask = 2147483647;
			files = (
				15B8BF4C24179C92003ADBCE /* router.swift.liquid in Resources */,
				15DC6C582416EC1E007CF2B2 /* README.md in Resources */,
				1562AEFB24179A2600CB2E3E /* LaunchScreen.storyboard in Resources */,
				15DA10D52417D46400B1A3EC /* CommentCell.xib in Resources */,
				15DA10D12417C63000B1A3EC /* PostCell.xib in Resources */,
				15B8BF4624179C92003ADBCE /* assembly.swift.liquid in Resources */,
				15B8BF4924179C92003ADBCE /* module_io.swift.liquid in Resources */,
				15B8BF4D24179C92003ADBCE /* route.swift.liquid in Resources */,
				15B8BF4B24179C92003ADBCE /* view_controller.swift.liquid in Resources */,
				15B8BF4E24179C92003ADBCE /* mariyanski_mvp.rambaspec in Resources */,
				15B8BF4A24179C92003ADBCE /* view_io.swift.liquid in Resources */,
				15B8BF4724179C92003ADBCE /* storyboard.storyboard.liquid in Resources */,
				1562AEFA24179A2600CB2E3E /* Assets.xcassets in Resources */,
				15B8BF4824179C92003ADBCE /* presenter.swift.liquid in Resources */,
				4705293CE9D55C77B7A1D28D /* Posts.storyboard in Resources */,
				08D79833219856660A09ECB5 /* Comments.storyboard in Resources */,
			);
			runOnlyForDeploymentPostprocessing = 0;
		};
/* End PBXResourcesBuildPhase section */

/* Begin PBXShellScriptBuildPhase section */
		A7D2A07619B07D84525B6BFB /* [CP] Embed Pods Frameworks */ = {
			isa = PBXShellScriptBuildPhase;
			buildActionMask = 2147483647;
			files = (
			);
			inputFileListPaths = (
				"${PODS_ROOT}/Target Support Files/Pods-mvp-ios-sample-project/Pods-mvp-ios-sample-project-frameworks-${CONFIGURATION}-input-files.xcfilelist",
			);
			name = "[CP] Embed Pods Frameworks";
			outputFileListPaths = (
				"${PODS_ROOT}/Target Support Files/Pods-mvp-ios-sample-project/Pods-mvp-ios-sample-project-frameworks-${CONFIGURATION}-output-files.xcfilelist",
			);
			runOnlyForDeploymentPostprocessing = 0;
			shellPath = /bin/sh;
			shellScript = "\"${PODS_ROOT}/Target Support Files/Pods-mvp-ios-sample-project/Pods-mvp-ios-sample-project-frameworks.sh\"\n";
			showEnvVarsInLog = 0;
		};
		EB0C90C02C25F7F639A53CB5 /* [CP] Check Pods Manifest.lock */ = {
			isa = PBXShellScriptBuildPhase;
			buildActionMask = 2147483647;
			files = (
			);
			inputFileListPaths = (
			);
			inputPaths = (
				"${PODS_PODFILE_DIR_PATH}/Podfile.lock",
				"${PODS_ROOT}/Manifest.lock",
			);
			name = "[CP] Check Pods Manifest.lock";
			outputFileListPaths = (
			);
			outputPaths = (
				"$(DERIVED_FILE_DIR)/Pods-mvp-ios-sample-project-checkManifestLockResult.txt",
			);
			runOnlyForDeploymentPostprocessing = 0;
			shellPath = /bin/sh;
			shellScript = "diff \"${PODS_PODFILE_DIR_PATH}/Podfile.lock\" \"${PODS_ROOT}/Manifest.lock\" > /dev/null\nif [ $? != 0 ] ; then\n    # print error to STDERR\n    echo \"error: The sandbox is not in sync with the Podfile.lock. Run 'pod install' or update your CocoaPods installation.\" >&2\n    exit 1\nfi\n# This output is used by Xcode 'outputs' to avoid re-running this script phase.\necho \"SUCCESS\" > \"${SCRIPT_OUTPUT_FILE_0}\"\n";
			showEnvVarsInLog = 0;
		};
/* End PBXShellScriptBuildPhase section */

/* Begin PBXSourcesBuildPhase section */
		15DC6C3C2416EB30007CF2B2 /* Sources */ = {
			isa = PBXSourcesBuildPhase;
			buildActionMask = 2147483647;
			files = (
				1562AEF724179A2600CB2E3E /* AppDelegate.swift in Sources */,
				15B8BF682417A2B3003ADBCE /* SwinjectStoryboard+Ext.swift in Sources */,
				1562AEF424179A2600CB2E3E /* DefaultTargetType.swift in Sources */,
				1562AEF024179A2600CB2E3E /* Comment.swift in Sources */,
				15B8BF5D24179EFC003ADBCE /* Animator.swift in Sources */,
				15B8BF6224179EFC003ADBCE /* Transition.swift in Sources */,
				15DA10C22417BEBE00B1A3EC /* ViewModel.swift in Sources */,
				1562AEF624179A2600CB2E3E /* PostsService.swift in Sources */,
				1562AEF524179A2600CB2E3E /* MoyaProvider+Promise.swift in Sources */,
				1562AEF124179A2600CB2E3E /* Post.swift in Sources */,
				15B8BF5C24179EFC003ADBCE /* Routable.swift in Sources */,
				1562AEF324179A2600CB2E3E /* MoyaProvider+Default.swift in Sources */,
				15DA10C52417BF2600B1A3EC /* UITableView+Ext.swift in Sources */,
				1562AEF224179A2600CB2E3E /* PostsEndpoint.swift in Sources */,
				15B8BF5E24179EFC003ADBCE /* Router.swift in Sources */,
				15DA10D42417D46400B1A3EC /* CommentCell.swift in Sources */,
				15B8BF6024179EFC003ADBCE /* ModalTransition.swift in Sources */,
				15B8BF6424179EFC003ADBCE /* PushTransition.swift in Sources */,
				15DA10D02417C63000B1A3EC /* PostCell.swift in Sources */,
				15B8BF5B24179EFC003ADBCE /* Closable.swift in Sources */,
				15B8BF6624179FCA003ADBCE /* UIStoryboard+ViewController.swift in Sources */,
				15DA10BF2417BEBE00B1A3EC /* CollectionCellModel.swift in Sources */,
				15DA10C02417BEBE00B1A3EC /* TableCellModel.swift in Sources */,
				15B8BF6A2417A2D5003ADBCE /* AppAssembly.swift in Sources */,
				15DA10C72417BF3000B1A3EC /* UICollectionView+Ext.swift in Sources */,
				82EE57433098B4E5620DA8D7 /* PostsAssembly.swift in Sources */,
				15DA10D72417DA5700B1A3EC /* LoadableViewController.swift in Sources */,
				15DA10CB2417BF6A00B1A3EC /* FormattedDate.swift in Sources */,
				7CDD7FD44F4F9C7E7B302D04 /* PostsRouter.swift in Sources */,
				F00BF49AB40B7E786A5D3292 /* PostsRoute.swift in Sources */,
				CF045EF151BD61115E1C1E84 /* PostsPresenter.swift in Sources */,
				15DA10C92417BF5D00B1A3EC /* Collection+Optional.swift in Sources */,
				15DA10C32417BEBE00B1A3EC /* CollectionViewDataSource.swift in Sources */,
				9DCA5F3322A22A2E7C898E8F /* PostsViewController.swift in Sources */,
				15DA10C12417BEBE00B1A3EC /* TableViewDataSource.swift in Sources */,
				851BBEBB5FB16A5409C9BA22 /* PostsViewIO.swift in Sources */,
				F2F0F66314C408218F375EDB /* CommentsAssembly.swift in Sources */,
				01B841B4B77C74D8125D975D /* CommentsRouter.swift in Sources */,
				FFFCA7732BF4B889BAA0EFAF /* CommentsRoute.swift in Sources */,
				864A2520DF9492001CE89C0C /* CommentsPresenter.swift in Sources */,
				3440175B2C24D2A0AC12E505 /* CommentsViewController.swift in Sources */,
				87862413046551B39BFD5CC9 /* CommentsViewIO.swift in Sources */,
			);
			runOnlyForDeploymentPostprocessing = 0;
		};
/* End PBXSourcesBuildPhase section */

/* Begin PBXVariantGroup section */
		1562AEED24179A2600CB2E3E /* LaunchScreen.storyboard */ = {
			isa = PBXVariantGroup;
			children = (
				1562AEEE24179A2600CB2E3E /* Base */,
			);
			name = LaunchScreen.storyboard;
			sourceTree = "<group>";
		};
/* End PBXVariantGroup section */

/* Begin XCBuildConfiguration section */
		15DC6C522416EB33007CF2B2 /* Debug */ = {
			isa = XCBuildConfiguration;
			buildSettings = {
				ALWAYS_SEARCH_USER_PATHS = NO;
				CLANG_ANALYZER_NONNULL = YES;
				CLANG_ANALYZER_NUMBER_OBJECT_CONVERSION = YES_AGGRESSIVE;
				CLANG_CXX_LANGUAGE_STANDARD = "gnu++14";
				CLANG_CXX_LIBRARY = "libc++";
				CLANG_ENABLE_MODULES = YES;
				CLANG_ENABLE_OBJC_ARC = YES;
				CLANG_ENABLE_OBJC_WEAK = YES;
				CLANG_WARN_BLOCK_CAPTURE_AUTORELEASING = YES;
				CLANG_WARN_BOOL_CONVERSION = YES;
				CLANG_WARN_COMMA = YES;
				CLANG_WARN_CONSTANT_CONVERSION = YES;
				CLANG_WARN_DEPRECATED_OBJC_IMPLEMENTATIONS = YES;
				CLANG_WARN_DIRECT_OBJC_ISA_USAGE = YES_ERROR;
				CLANG_WARN_DOCUMENTATION_COMMENTS = YES;
				CLANG_WARN_EMPTY_BODY = YES;
				CLANG_WARN_ENUM_CONVERSION = YES;
				CLANG_WARN_INFINITE_RECURSION = YES;
				CLANG_WARN_INT_CONVERSION = YES;
				CLANG_WARN_NON_LITERAL_NULL_CONVERSION = YES;
				CLANG_WARN_OBJC_IMPLICIT_RETAIN_SELF = YES;
				CLANG_WARN_OBJC_LITERAL_CONVERSION = YES;
				CLANG_WARN_OBJC_ROOT_CLASS = YES_ERROR;
				CLANG_WARN_RANGE_LOOP_ANALYSIS = YES;
				CLANG_WARN_STRICT_PROTOTYPES = YES;
				CLANG_WARN_SUSPICIOUS_MOVE = YES;
				CLANG_WARN_UNGUARDED_AVAILABILITY = YES_AGGRESSIVE;
				CLANG_WARN_UNREACHABLE_CODE = YES;
				CLANG_WARN__DUPLICATE_METHOD_MATCH = YES;
				COPY_PHASE_STRIP = NO;
				DEBUG_INFORMATION_FORMAT = dwarf;
				ENABLE_STRICT_OBJC_MSGSEND = YES;
				ENABLE_TESTABILITY = YES;
				GCC_C_LANGUAGE_STANDARD = gnu11;
				GCC_DYNAMIC_NO_PIC = NO;
				GCC_NO_COMMON_BLOCKS = YES;
				GCC_OPTIMIZATION_LEVEL = 0;
				GCC_PREPROCESSOR_DEFINITIONS = (
					"DEBUG=1",
					"$(inherited)",
				);
				GCC_WARN_64_TO_32_BIT_CONVERSION = YES;
				GCC_WARN_ABOUT_RETURN_TYPE = YES_ERROR;
				GCC_WARN_UNDECLARED_SELECTOR = YES;
				GCC_WARN_UNINITIALIZED_AUTOS = YES_AGGRESSIVE;
				GCC_WARN_UNUSED_FUNCTION = YES;
				GCC_WARN_UNUSED_VARIABLE = YES;
				IPHONEOS_DEPLOYMENT_TARGET = 13.2;
				MTL_ENABLE_DEBUG_INFO = INCLUDE_SOURCE;
				MTL_FAST_MATH = YES;
				ONLY_ACTIVE_ARCH = YES;
				SDKROOT = iphoneos;
				SWIFT_ACTIVE_COMPILATION_CONDITIONS = DEBUG;
				SWIFT_OPTIMIZATION_LEVEL = "-Onone";
			};
			name = Debug;
		};
		15DC6C532416EB33007CF2B2 /* Release */ = {
			isa = XCBuildConfiguration;
			buildSettings = {
				ALWAYS_SEARCH_USER_PATHS = NO;
				CLANG_ANALYZER_NONNULL = YES;
				CLANG_ANALYZER_NUMBER_OBJECT_CONVERSION = YES_AGGRESSIVE;
				CLANG_CXX_LANGUAGE_STANDARD = "gnu++14";
				CLANG_CXX_LIBRARY = "libc++";
				CLANG_ENABLE_MODULES = YES;
				CLANG_ENABLE_OBJC_ARC = YES;
				CLANG_ENABLE_OBJC_WEAK = YES;
				CLANG_WARN_BLOCK_CAPTURE_AUTORELEASING = YES;
				CLANG_WARN_BOOL_CONVERSION = YES;
				CLANG_WARN_COMMA = YES;
				CLANG_WARN_CONSTANT_CONVERSION = YES;
				CLANG_WARN_DEPRECATED_OBJC_IMPLEMENTATIONS = YES;
				CLANG_WARN_DIRECT_OBJC_ISA_USAGE = YES_ERROR;
				CLANG_WARN_DOCUMENTATION_COMMENTS = YES;
				CLANG_WARN_EMPTY_BODY = YES;
				CLANG_WARN_ENUM_CONVERSION = YES;
				CLANG_WARN_INFINITE_RECURSION = YES;
				CLANG_WARN_INT_CONVERSION = YES;
				CLANG_WARN_NON_LITERAL_NULL_CONVERSION = YES;
				CLANG_WARN_OBJC_IMPLICIT_RETAIN_SELF = YES;
				CLANG_WARN_OBJC_LITERAL_CONVERSION = YES;
				CLANG_WARN_OBJC_ROOT_CLASS = YES_ERROR;
				CLANG_WARN_RANGE_LOOP_ANALYSIS = YES;
				CLANG_WARN_STRICT_PROTOTYPES = YES;
				CLANG_WARN_SUSPICIOUS_MOVE = YES;
				CLANG_WARN_UNGUARDED_AVAILABILITY = YES_AGGRESSIVE;
				CLANG_WARN_UNREACHABLE_CODE = YES;
				CLANG_WARN__DUPLICATE_METHOD_MATCH = YES;
				COPY_PHASE_STRIP = NO;
				DEBUG_INFORMATION_FORMAT = "dwarf-with-dsym";
				ENABLE_NS_ASSERTIONS = NO;
				ENABLE_STRICT_OBJC_MSGSEND = YES;
				GCC_C_LANGUAGE_STANDARD = gnu11;
				GCC_NO_COMMON_BLOCKS = YES;
				GCC_WARN_64_TO_32_BIT_CONVERSION = YES;
				GCC_WARN_ABOUT_RETURN_TYPE = YES_ERROR;
				GCC_WARN_UNDECLARED_SELECTOR = YES;
				GCC_WARN_UNINITIALIZED_AUTOS = YES_AGGRESSIVE;
				GCC_WARN_UNUSED_FUNCTION = YES;
				GCC_WARN_UNUSED_VARIABLE = YES;
				IPHONEOS_DEPLOYMENT_TARGET = 13.2;
				MTL_ENABLE_DEBUG_INFO = NO;
				MTL_FAST_MATH = YES;
				SDKROOT = iphoneos;
				SWIFT_COMPILATION_MODE = wholemodule;
				SWIFT_OPTIMIZATION_LEVEL = "-O";
				VALIDATE_PRODUCT = YES;
			};
			name = Release;
		};
		15DC6C552416EB33007CF2B2 /* Debug */ = {
			isa = XCBuildConfiguration;
			baseConfigurationReference = A5C594E9DE68C227B456DD95 /* Pods-mvp-ios-sample-project.debug.xcconfig */;
			buildSettings = {
				ASSETCATALOG_COMPILER_APPICON_NAME = AppIcon;
				CODE_SIGN_STYLE = Automatic;
				DEVELOPMENT_TEAM = 8ECS9EVZ42;
				INFOPLIST_FILE = "mvp-ios-sample-project/Resource/Info.plist";
				IPHONEOS_DEPLOYMENT_TARGET = 12.0;
				LD_RUNPATH_SEARCH_PATHS = (
					"$(inherited)",
					"@executable_path/Frameworks",
				);
				PRODUCT_BUNDLE_IDENTIFIER = "com.mariyanski.mvp-ios-sample-project";
				PRODUCT_NAME = "$(TARGET_NAME)";
				SWIFT_VERSION = 5.0;
				TARGETED_DEVICE_FAMILY = 1;
			};
			name = Debug;
		};
		15DC6C562416EB33007CF2B2 /* Release */ = {
			isa = XCBuildConfiguration;
			baseConfigurationReference = FAEF473A8A12118843E5E72C /* Pods-mvp-ios-sample-project.release.xcconfig */;
			buildSettings = {
				ASSETCATALOG_COMPILER_APPICON_NAME = AppIcon;
				CODE_SIGN_STYLE = Automatic;
				DEVELOPMENT_TEAM = 8ECS9EVZ42;
				INFOPLIST_FILE = "mvp-ios-sample-project/Resource/Info.plist";
				IPHONEOS_DEPLOYMENT_TARGET = 12.0;
				LD_RUNPATH_SEARCH_PATHS = (
					"$(inherited)",
					"@executable_path/Frameworks",
				);
				PRODUCT_BUNDLE_IDENTIFIER = "com.mariyanski.mvp-ios-sample-project";
				PRODUCT_NAME = "$(TARGET_NAME)";
				SWIFT_VERSION = 5.0;
				TARGETED_DEVICE_FAMILY = 1;
			};
			name = Release;
		};
/* End XCBuildConfiguration section */

/* Begin XCConfigurationList section */
		15DC6C3B2416EB30007CF2B2 /* Build configuration list for PBXProject "mvp-ios-sample-project" */ = {
			isa = XCConfigurationList;
			buildConfigurations = (
				15DC6C522416EB33007CF2B2 /* Debug */,
				15DC6C532416EB33007CF2B2 /* Release */,
			);
			defaultConfigurationIsVisible = 0;
			defaultConfigurationName = Release;
		};
		15DC6C542416EB33007CF2B2 /* Build configuration list for PBXNativeTarget "mvp-ios-sample-project" */ = {
			isa = XCConfigurationList;
			buildConfigurations = (
				15DC6C552416EB33007CF2B2 /* Debug */,
				15DC6C562416EB33007CF2B2 /* Release */,
			);
			defaultConfigurationIsVisible = 0;
			defaultConfigurationName = Release;
		};
/* End XCConfigurationList section */
	};
	rootObject = 15DC6C382416EB30007CF2B2 /* Project object */;
}
